// !$*UTF8*$!
{
	archiveVersion = 1;
	classes = {
	};
	objectVersion = 50;
	objects = {

/* Begin PBXBuildFile section */
		3316AF8423BADF8900678565 /* AppDelegate.m in Sources */ = {isa = PBXBuildFile; fileRef = 3316AF8323BADF8900678565 /* AppDelegate.m */; };
		3316AF8723BADF8900678565 /* SceneDelegate.m in Sources */ = {isa = PBXBuildFile; fileRef = 3316AF8623BADF8900678565 /* SceneDelegate.m */; };
		3316AF8A23BADF8900678565 /* ViewController.m in Sources */ = {isa = PBXBuildFile; fileRef = 3316AF8923BADF8900678565 /* ViewController.m */; };
		3316AF8D23BADF8900678565 /* Main.storyboard in Resources */ = {isa = PBXBuildFile; fileRef = 3316AF8B23BADF8900678565 /* Main.storyboard */; };
		3316AF8F23BADF8B00678565 /* Assets.xcassets in Resources */ = {isa = PBXBuildFile; fileRef = 3316AF8E23BADF8B00678565 /* Assets.xcassets */; };
		3316AF9223BADF8B00678565 /* LaunchScreen.storyboard in Resources */ = {isa = PBXBuildFile; fileRef = 3316AF9023BADF8B00678565 /* LaunchScreen.storyboard */; };
		3316AF9523BADF8B00678565 /* main.m in Sources */ = {isa = PBXBuildFile; fileRef = 3316AF9423BADF8B00678565 /* main.m */; };
		3316AF9E23BADFFD00678565 /* WLBannerView.m in Sources */ = {isa = PBXBuildFile; fileRef = 3316AF9D23BADFFD00678565 /* WLBannerView.m */; };
		3316AFA423BAE65A00678565 /* WLBannerViewCell.m in Sources */ = {isa = PBXBuildFile; fileRef = 3316AFA323BAE65A00678565 /* WLBannerViewCell.m */; };
		3316AFA823BB451300678565 /* 03.png in Resources */ = {isa = PBXBuildFile; fileRef = 3316AFA523BB451300678565 /* 03.png */; };
		3316AFA923BB451300678565 /* 02.png in Resources */ = {isa = PBXBuildFile; fileRef = 3316AFA623BB451300678565 /* 02.png */; };
		3316AFAA23BB451300678565 /* 01.png in Resources */ = {isa = PBXBuildFile; fileRef = 3316AFA723BB451300678565 /* 01.png */; };
		3316AFAD23BB48C800678565 /* ImageModel.m in Sources */ = {isa = PBXBuildFile; fileRef = 3316AFAC23BB48C800678565 /* ImageModel.m */; };
		3316AFB023BB48F500678565 /* CustomBannerCell.m in Sources */ = {isa = PBXBuildFile; fileRef = 3316AFAF23BB48F500678565 /* CustomBannerCell.m */; };
		3316AFB323BB4F7400678565 /* WLBannerContainerView.m in Sources */ = {isa = PBXBuildFile; fileRef = 3316AFB223BB4F7400678565 /* WLBannerContainerView.m */; };
		3316AFB623BB4F9200678565 /* WLPageControl.m in Sources */ = {isa = PBXBuildFile; fileRef = 3316AFB523BB4F9200678565 /* WLPageControl.m */; };
		4B2A94C9D527B7EAEDFFBCD7 /* libPods-WLBannerViewDemo.a in Frameworks */ = {isa = PBXBuildFile; fileRef = F264B47654A616573EFC12C6 /* libPods-WLBannerViewDemo.a */; };
/* End PBXBuildFile section */

/* Begin PBXFileReference section */
		0BB2E3826DC004F6132F9173 /* Pods-WLBannerViewDemo.debug.xcconfig */ = {isa = PBXFileReference; includeInIndex = 1; lastKnownFileType = text.xcconfig; name = "Pods-WLBannerViewDemo.debug.xcconfig"; path = "Target Support Files/Pods-WLBannerViewDemo/Pods-WLBannerViewDemo.debug.xcconfig"; sourceTree = "<group>"; };
		3316AF7F23BADF8900678565 /* WLBannerViewDemo.app */ = {isa = PBXFileReference; explicitFileType = wrapper.application; includeInIndex = 0; path = WLBannerViewDemo.app; sourceTree = BUILT_PRODUCTS_DIR; };
		3316AF8223BADF8900678565 /* AppDelegate.h */ = {isa = PBXFileReference; lastKnownFileType = sourcecode.c.h; path = AppDelegate.h; sourceTree = "<group>"; };
		3316AF8323BADF8900678565 /* AppDelegate.m */ = {isa = PBXFileReference; lastKnownFileType = sourcecode.c.objc; path = AppDelegate.m; sourceTree = "<group>"; };
		3316AF8523BADF8900678565 /* SceneDelegate.h */ = {isa = PBXFileReference; lastKnownFileType = sourcecode.c.h; path = SceneDelegate.h; sourceTree = "<group>"; };
		3316AF8623BADF8900678565 /* SceneDelegate.m */ = {isa = PBXFileReference; lastKnownFileType = sourcecode.c.objc; path = SceneDelegate.m; sourceTree = "<group>"; };
		3316AF8823BADF8900678565 /* ViewController.h */ = {isa = PBXFileReference; lastKnownFileType = sourcecode.c.h; path = ViewController.h; sourceTree = "<group>"; };
		3316AF8923BADF8900678565 /* ViewController.m */ = {isa = PBXFileReference; lastKnownFileType = sourcecode.c.objc; path = ViewController.m; sourceTree = "<group>"; };
		3316AF8C23BADF8900678565 /* Base */ = {isa = PBXFileReference; lastKnownFileType = file.storyboard; name = Base; path = Base.lproj/Main.storyboard; sourceTree = "<group>"; };
		3316AF8E23BADF8B00678565 /* Assets.xcassets */ = {isa = PBXFileReference; lastKnownFileType = folder.assetcatalog; path = Assets.xcassets; sourceTree = "<group>"; };
		3316AF9123BADF8B00678565 /* Base */ = {isa = PBXFileReference; lastKnownFileType = file.storyboard; name = Base; path = Base.lproj/LaunchScreen.storyboard; sourceTree = "<group>"; };
		3316AF9323BADF8B00678565 /* Info.plist */ = {isa = PBXFileReference; lastKnownFileType = text.plist.xml; path = Info.plist; sourceTree = "<group>"; };
		3316AF9423BADF8B00678565 /* main.m */ = {isa = PBXFileReference; lastKnownFileType = sourcecode.c.objc; path = main.m; sourceTree = "<group>"; };
		3316AF9C23BADFFD00678565 /* WLBannerView.h */ = {isa = PBXFileReference; lastKnownFileType = sourcecode.c.h; path = WLBannerView.h; sourceTree = "<group>"; };
		3316AF9D23BADFFD00678565 /* WLBannerView.m */ = {isa = PBXFileReference; lastKnownFileType = sourcecode.c.objc; path = WLBannerView.m; sourceTree = "<group>"; };
		3316AFA223BAE65A00678565 /* WLBannerViewCell.h */ = {isa = PBXFileReference; lastKnownFileType = sourcecode.c.h; path = WLBannerViewCell.h; sourceTree = "<group>"; };
		3316AFA323BAE65A00678565 /* WLBannerViewCell.m */ = {isa = PBXFileReference; lastKnownFileType = sourcecode.c.objc; path = WLBannerViewCell.m; sourceTree = "<group>"; };
		3316AFA523BB451300678565 /* 03.png */ = {isa = PBXFileReference; lastKnownFileType = image.png; path = 03.png; sourceTree = "<group>"; };
		3316AFA623BB451300678565 /* 02.png */ = {isa = PBXFileReference; lastKnownFileType = image.png; path = 02.png; sourceTree = "<group>"; };
		3316AFA723BB451300678565 /* 01.png */ = {isa = PBXFileReference; lastKnownFileType = image.png; path = 01.png; sourceTree = "<group>"; };
		3316AFAB23BB48C800678565 /* ImageModel.h */ = {isa = PBXFileReference; lastKnownFileType = sourcecode.c.h; path = ImageModel.h; sourceTree = "<group>"; };
		3316AFAC23BB48C800678565 /* ImageModel.m */ = {isa = PBXFileReference; lastKnownFileType = sourcecode.c.objc; path = ImageModel.m; sourceTree = "<group>"; };
		3316AFAE23BB48F500678565 /* CustomBannerCell.h */ = {isa = PBXFileReference; lastKnownFileType = sourcecode.c.h; path = CustomBannerCell.h; sourceTree = "<group>"; };
		3316AFAF23BB48F500678565 /* CustomBannerCell.m */ = {isa = PBXFileReference; lastKnownFileType = sourcecode.c.objc; path = CustomBannerCell.m; sourceTree = "<group>"; };
		3316AFB123BB4F7400678565 /* WLBannerContainerView.h */ = {isa = PBXFileReference; lastKnownFileType = sourcecode.c.h; path = WLBannerContainerView.h; sourceTree = "<group>"; };
		3316AFB223BB4F7400678565 /* WLBannerContainerView.m */ = {isa = PBXFileReference; lastKnownFileType = sourcecode.c.objc; path = WLBannerContainerView.m; sourceTree = "<group>"; };
		3316AFB423BB4F9200678565 /* WLPageControl.h */ = {isa = PBXFileReference; lastKnownFileType = sourcecode.c.h; path = WLPageControl.h; sourceTree = "<group>"; };
		3316AFB523BB4F9200678565 /* WLPageControl.m */ = {isa = PBXFileReference; lastKnownFileType = sourcecode.c.objc; path = WLPageControl.m; sourceTree = "<group>"; };
		6CE6CD1D52E80D4C2CF065DD /* Pods-WLBannerViewDemo.release.xcconfig */ = {isa = PBXFileReference; includeInIndex = 1; lastKnownFileType = text.xcconfig; name = "Pods-WLBannerViewDemo.release.xcconfig"; path = "Target Support Files/Pods-WLBannerViewDemo/Pods-WLBannerViewDemo.release.xcconfig"; sourceTree = "<group>"; };
		F264B47654A616573EFC12C6 /* libPods-WLBannerViewDemo.a */ = {isa = PBXFileReference; explicitFileType = archive.ar; includeInIndex = 0; path = "libPods-WLBannerViewDemo.a"; sourceTree = BUILT_PRODUCTS_DIR; };
/* End PBXFileReference section */

/* Begin PBXFrameworksBuildPhase section */
		3316AF7C23BADF8900678565 /* Frameworks */ = {
			isa = PBXFrameworksBuildPhase;
			buildActionMask = 2147483647;
			files = (
				4B2A94C9D527B7EAEDFFBCD7 /* libPods-WLBannerViewDemo.a in Frameworks */,
			);
			runOnlyForDeploymentPostprocessing = 0;
		};
/* End PBXFrameworksBuildPhase section */

/* Begin PBXGroup section */
		3316AF7623BADF8900678565 = {
			isa = PBXGroup;
			children = (
				3316AF8123BADF8900678565 /* WLBannerViewDemo */,
				3316AF8023BADF8900678565 /* Products */,
				A6DE80C469242A5C01212166 /* Pods */,
				82EC89A182D1D535627BA2AC /* Frameworks */,
			);
			sourceTree = "<group>";
		};
		3316AF8023BADF8900678565 /* Products */ = {
			isa = PBXGroup;
			children = (
				3316AF7F23BADF8900678565 /* WLBannerViewDemo.app */,
			);
			name = Products;
			sourceTree = "<group>";
		};
		3316AF8123BADF8900678565 /* WLBannerViewDemo */ = {
			isa = PBXGroup;
			children = (
				3316AF9B23BADFBC00678565 /* WLBannerView */,
				3316AF8223BADF8900678565 /* AppDelegate.h */,
				3316AF8323BADF8900678565 /* AppDelegate.m */,
				3316AF8523BADF8900678565 /* SceneDelegate.h */,
				3316AF8623BADF8900678565 /* SceneDelegate.m */,
				3316AF8823BADF8900678565 /* ViewController.h */,
				3316AF8923BADF8900678565 /* ViewController.m */,
				3316AFAB23BB48C800678565 /* ImageModel.h */,
				3316AFAC23BB48C800678565 /* ImageModel.m */,
				3316AFAE23BB48F500678565 /* CustomBannerCell.h */,
				3316AFAF23BB48F500678565 /* CustomBannerCell.m */,
				3316AF8B23BADF8900678565 /* Main.storyboard */,
				3316AF8E23BADF8B00678565 /* Assets.xcassets */,
				3316AF9023BADF8B00678565 /* LaunchScreen.storyboard */,
				3316AF9323BADF8B00678565 /* Info.plist */,
				3316AF9423BADF8B00678565 /* main.m */,
				3316AFA723BB451300678565 /* 01.png */,
				3316AFA623BB451300678565 /* 02.png */,
				3316AFA523BB451300678565 /* 03.png */,
			);
			path = WLBannerViewDemo;
			sourceTree = "<group>";
		};
		3316AF9B23BADFBC00678565 /* WLBannerView */ = {
			isa = PBXGroup;
			children = (
				3316AF9C23BADFFD00678565 /* WLBannerView.h */,
				3316AF9D23BADFFD00678565 /* WLBannerView.m */,
				3316AFA223BAE65A00678565 /* WLBannerViewCell.h */,
				3316AFA323BAE65A00678565 /* WLBannerViewCell.m */,
				3316AFB123BB4F7400678565 /* WLBannerContainerView.h */,
				3316AFB223BB4F7400678565 /* WLBannerContainerView.m */,
				3316AFB423BB4F9200678565 /* WLPageControl.h */,
				3316AFB523BB4F9200678565 /* WLPageControl.m */,
			);
			name = WLBannerView;
			path = ../../WLBannerView;
			sourceTree = "<group>";
		};
		82EC89A182D1D535627BA2AC /* Frameworks */ = {
			isa = PBXGroup;
			children = (
				F264B47654A616573EFC12C6 /* libPods-WLBannerViewDemo.a */,
			);
			name = Frameworks;
			sourceTree = "<group>";
		};
		A6DE80C469242A5C01212166 /* Pods */ = {
			isa = PBXGroup;
			children = (
				0BB2E3826DC004F6132F9173 /* Pods-WLBannerViewDemo.debug.xcconfig */,
				6CE6CD1D52E80D4C2CF065DD /* Pods-WLBannerViewDemo.release.xcconfig */,
			);
			path = Pods;
			sourceTree = "<group>";
		};
/* End PBXGroup section */

/* Begin PBXNativeTarget section */
		3316AF7E23BADF8900678565 /* WLBannerViewDemo */ = {
			isa = PBXNativeTarget;
			buildConfigurationList = 3316AF9823BADF8B00678565 /* Build configuration list for PBXNativeTarget "WLBannerViewDemo" */;
			buildPhases = (
				D1DF621D80F74BF0D974365A /* [CP] Check Pods Manifest.lock */,
				3316AF7B23BADF8900678565 /* Sources */,
				3316AF7C23BADF8900678565 /* Frameworks */,
				3316AF7D23BADF8900678565 /* Resources */,
			);
			buildRules = (
			);
			dependencies = (
			);
			name = WLBannerViewDemo;
			productName = WLBannerViewDemo;
			productReference = 3316AF7F23BADF8900678565 /* WLBannerViewDemo.app */;
			productType = "com.apple.product-type.application";
		};
/* End PBXNativeTarget section */

/* Begin PBXProject section */
		3316AF7723BADF8900678565 /* Project object */ = {
			isa = PBXProject;
			attributes = {
				LastUpgradeCheck = 1130;
				ORGANIZATIONNAME = AllYoga;
				TargetAttributes = {
					3316AF7E23BADF8900678565 = {
						CreatedOnToolsVersion = 11.3;
					};
				};
			};
			buildConfigurationList = 3316AF7A23BADF8900678565 /* Build configuration list for PBXProject "WLBannerViewDemo" */;
			compatibilityVersion = "Xcode 9.3";
			developmentRegion = en;
			hasScannedForEncodings = 0;
			knownRegions = (
				en,
				Base,
			);
			mainGroup = 3316AF7623BADF8900678565;
			productRefGroup = 3316AF8023BADF8900678565 /* Products */;
			projectDirPath = "";
			projectRoot = "";
			targets = (
				3316AF7E23BADF8900678565 /* WLBannerViewDemo */,
			);
		};
/* End PBXProject section */

/* Begin PBXResourcesBuildPhase section */
		3316AF7D23BADF8900678565 /* Resources */ = {
			isa = PBXResourcesBuildPhase;
			buildActionMask = 2147483647;
			files = (
				3316AFAA23BB451300678565 /* 01.png in Resources */,
				3316AFA923BB451300678565 /* 02.png in Resources */,
				3316AFA823BB451300678565 /* 03.png in Resources */,
				3316AF9223BADF8B00678565 /* LaunchScreen.storyboard in Resources */,
				3316AF8F23BADF8B00678565 /* Assets.xcassets in Resources */,
				3316AF8D23BADF8900678565 /* Main.storyboard in Resources */,
			);
			runOnlyForDeploymentPostprocessing = 0;
		};
/* End PBXResourcesBuildPhase section */

/* Begin PBXShellScriptBuildPhase section */
		D1DF621D80F74BF0D974365A /* [CP] Check Pods Manifest.lock */ = {
			isa = PBXShellScriptBuildPhase;
			buildActionMask = 2147483647;
			files = (
			);
			inputFileListPaths = (
			);
			inputPaths = (
				"${PODS_PODFILE_DIR_PATH}/Podfile.lock",
				"${PODS_ROOT}/Manifest.lock",
			);
			name = "[CP] Check Pods Manifest.lock";
			outputFileListPaths = (
			);
			outputPaths = (
				"$(DERIVED_FILE_DIR)/Pods-WLBannerViewDemo-checkManifestLockResult.txt",
			);
			runOnlyForDeploymentPostprocessing = 0;
			shellPath = /bin/sh;
			shellScript = "diff \"${PODS_PODFILE_DIR_PATH}/Podfile.lock\" \"${PODS_ROOT}/Manifest.lock\" > /dev/null\nif [ $? != 0 ] ; then\n    # print error to STDERR\n    echo \"error: The sandbox is not in sync with the Podfile.lock. Run 'pod install' or update your CocoaPods installation.\" >&2\n    exit 1\nfi\n# This output is used by Xcode 'outputs' to avoid re-running this script phase.\necho \"SUCCESS\" > \"${SCRIPT_OUTPUT_FILE_0}\"\n";
			showEnvVarsInLog = 0;
		};
/* End PBXShellScriptBuildPhase section */

/* Begin PBXSourcesBuildPhase section */
		3316AF7B23BADF8900678565 /* Sources */ = {
			isa = PBXSourcesBuildPhase;
			buildActionMask = 2147483647;
			files = (
				3316AF9E23BADFFD00678565 /* WLBannerView.m in Sources */,
				3316AFB623BB4F9200678565 /* WLPageControl.m in Sources */,
				3316AFA423BAE65A00678565 /* WLBannerViewCell.m in Sources */,
				3316AFB323BB4F7400678565 /* WLBannerContainerView.m in Sources */,
				3316AFAD23BB48C800678565 /* ImageModel.m in Sources */,
				3316AF8A23BADF8900678565 /* ViewController.m in Sources */,
				3316AF8423BADF8900678565 /* AppDelegate.m in Sources */,
				3316AF9523BADF8B00678565 /* main.m in Sources */,
				3316AFB023BB48F500678565 /* CustomBannerCell.m in Sources */,
				3316AF8723BADF8900678565 /* SceneDelegate.m in Sources */,
			);
			runOnlyForDeploymentPostprocessing = 0;
		};
/* End PBXSourcesBuildPhase section */

/* Begin PBXVariantGroup section */
		3316AF8B23BADF8900678565 /* Main.storyboard */ = {
			isa = PBXVariantGroup;
			children = (
				3316AF8C23BADF8900678565 /* Base */,
			);
			name = Main.storyboard;
			sourceTree = "<group>";
		};
		3316AF9023BADF8B00678565 /* LaunchScreen.storyboard */ = {
			isa = PBXVariantGroup;
			children = (
				3316AF9123BADF8B00678565 /* Base */,
			);
			name = LaunchScreen.storyboard;
			sourceTree = "<group>";
		};
/* End PBXVariantGroup section */

/* Begin XCBuildConfiguration section */
		3316AF9623BADF8B00678565 /* Debug */ = {
			isa = XCBuildConfiguration;
			buildSettings = {
				ALWAYS_SEARCH_USER_PATHS = NO;
				CLANG_ANALYZER_NONNULL = YES;
				CLANG_ANALYZER_NUMBER_OBJECT_CONVERSION = YES_AGGRESSIVE;
				CLANG_CXX_LANGUAGE_STANDARD = "gnu++14";
				CLANG_CXX_LIBRARY = "libc++";
				CLANG_ENABLE_MODULES = YES;
				CLANG_ENABLE_OBJC_ARC = YES;
				CLANG_ENABLE_OBJC_WEAK = YES;
				CLANG_WARN_BLOCK_CAPTURE_AUTORELEASING = YES;
				CLANG_WARN_BOOL_CONVERSION = YES;
				CLANG_WARN_COMMA = YES;
				CLANG_WARN_CONSTANT_CONVERSION = YES;
				CLANG_WARN_DEPRECATED_OBJC_IMPLEMENTATIONS = YES;
				CLANG_WARN_DIRECT_OBJC_ISA_USAGE = YES_ERROR;
				CLANG_WARN_DOCUMENTATION_COMMENTS = YES;
				CLANG_WARN_EMPTY_BODY = YES;
				CLANG_WARN_ENUM_CONVERSION = YES;
				CLANG_WARN_INFINITE_RECURSION = YES;
				CLANG_WARN_INT_CONVERSION = YES;
				CLANG_WARN_NON_LITERAL_NULL_CONVERSION = YES;
				CLANG_WARN_OBJC_IMPLICIT_RETAIN_SELF = YES;
				CLANG_WARN_OBJC_LITERAL_CONVERSION = YES;
				CLANG_WARN_OBJC_ROOT_CLASS = YES_ERROR;
				CLANG_WARN_RANGE_LOOP_ANALYSIS = YES;
				CLANG_WARN_STRICT_PROTOTYPES = YES;
				CLANG_WARN_SUSPICIOUS_MOVE = YES;
				CLANG_WARN_UNGUARDED_AVAILABILITY = YES_AGGRESSIVE;
				CLANG_WARN_UNREACHABLE_CODE = YES;
				CLANG_WARN__DUPLICATE_METHOD_MATCH = YES;
				COPY_PHASE_STRIP = NO;
				DEBUG_INFORMATION_FORMAT = dwarf;
				ENABLE_STRICT_OBJC_MSGSEND = YES;
				ENABLE_TESTABILITY = YES;
				GCC_C_LANGUAGE_STANDARD = gnu11;
				GCC_DYNAMIC_NO_PIC = NO;
				GCC_NO_COMMON_BLOCKS = YES;
				GCC_OPTIMIZATION_LEVEL = 0;
				GCC_PREPROCESSOR_DEFINITIONS = (
					"DEBUG=1",
					"$(inherited)",
				);
				GCC_WARN_64_TO_32_BIT_CONVERSION = YES;
				GCC_WARN_ABOUT_RETURN_TYPE = YES_ERROR;
				GCC_WARN_UNDECLARED_SELECTOR = YES;
				GCC_WARN_UNINITIALIZED_AUTOS = YES_AGGRESSIVE;
				GCC_WARN_UNUSED_FUNCTION = YES;
				GCC_WARN_UNUSED_VARIABLE = YES;
				IPHONEOS_DEPLOYMENT_TARGET = 13.2;
				MTL_ENABLE_DEBUG_INFO = INCLUDE_SOURCE;
				MTL_FAST_MATH = YES;
				ONLY_ACTIVE_ARCH = YES;
				SDKROOT = iphoneos;
			};
			name = Debug;
		};
		3316AF9723BADF8B00678565 /* Release */ = {
			isa = XCBuildConfiguration;
			buildSettings = {
				ALWAYS_SEARCH_USER_PATHS = NO;
				CLANG_ANALYZER_NONNULL = YES;
				CLANG_ANALYZER_NUMBER_OBJECT_CONVERSION = YES_AGGRESSIVE;
				CLANG_CXX_LANGUAGE_STANDARD = "gnu++14";
				CLANG_CXX_LIBRARY = "libc++";
				CLANG_ENABLE_MODULES = YES;
				CLANG_ENABLE_OBJC_ARC = YES;
				CLANG_ENABLE_OBJC_WEAK = YES;
				CLANG_WARN_BLOCK_CAPTURE_AUTORELEASING = YES;
				CLANG_WARN_BOOL_CONVERSION = YES;
				CLANG_WARN_COMMA = YES;
				CLANG_WARN_CONSTANT_CONVERSION = YES;
				CLANG_WARN_DEPRECATED_OBJC_IMPLEMENTATIONS = YES;
				CLANG_WARN_DIRECT_OBJC_ISA_USAGE = YES_ERROR;
				CLANG_WARN_DOCUMENTATION_COMMENTS = YES;
				CLANG_WARN_EMPTY_BODY = YES;
				CLANG_WARN_ENUM_CONVERSION = YES;
				CLANG_WARN_INFINITE_RECURSION = YES;
				CLANG_WARN_INT_CONVERSION = YES;
				CLANG_WARN_NON_LITERAL_NULL_CONVERSION = YES;
				CLANG_WARN_OBJC_IMPLICIT_RETAIN_SELF = YES;
				CLANG_WARN_OBJC_LITERAL_CONVERSION = YES;
				CLANG_WARN_OBJC_ROOT_CLASS = YES_ERROR;
				CLANG_WARN_RANGE_LOOP_ANALYSIS = YES;
				CLANG_WARN_STRICT_PROTOTYPES = YES;
				CLANG_WARN_SUSPICIOUS_MOVE = YES;
				CLANG_WARN_UNGUARDED_AVAILABILITY = YES_AGGRESSIVE;
				CLANG_WARN_UNREACHABLE_CODE = YES;
				CLANG_WARN__DUPLICATE_METHOD_MATCH = YES;
				COPY_PHASE_STRIP = NO;
				DEBUG_INFORMATION_FORMAT = "dwarf-with-dsym";
				ENABLE_NS_ASSERTIONS = NO;
				ENABLE_STRICT_OBJC_MSGSEND = YES;
				GCC_C_LANGUAGE_STANDARD = gnu11;
				GCC_NO_COMMON_BLOCKS = YES;
				GCC_WARN_64_TO_32_BIT_CONVERSION = YES;
				GCC_WARN_ABOUT_RETURN_TYPE = YES_ERROR;
				GCC_WARN_UNDECLARED_SELECTOR = YES;
				GCC_WARN_UNINITIALIZED_AUTOS = YES_AGGRESSIVE;
				GCC_WARN_UNUSED_FUNCTION = YES;
				GCC_WARN_UNUSED_VARIABLE = YES;
				IPHONEOS_DEPLOYMENT_TARGET = 13.2;
				MTL_ENABLE_DEBUG_INFO = NO;
				MTL_FAST_MATH = YES;
				SDKROOT = iphoneos;
				VALIDATE_PRODUCT = YES;
			};
			name = Release;
		};
		3316AF9923BADF8B00678565 /* Debug */ = {
			isa = XCBuildConfiguration;
			baseConfigurationReference = 0BB2E3826DC004F6132F9173 /* Pods-WLBannerViewDemo.debug.xcconfig */;
			buildSettings = {
				ASSETCATALOG_COMPILER_APPICON_NAME = AppIcon;
				CODE_SIGN_STYLE = Automatic;
				DEVELOPMENT_TEAM = YKBW8AGZ9Y;
				INFOPLIST_FILE = WLBannerViewDemo/Info.plist;
				IPHONEOS_DEPLOYMENT_TARGET = 13.2;
				LD_RUNPATH_SEARCH_PATHS = (
					"$(inherited)",
					"@executable_path/Frameworks",
				);
				PRODUCT_BUNDLE_IDENTIFIER = com.beijing.allyoga.WLBannerViewDemo;
				PRODUCT_NAME = "$(TARGET_NAME)";
				TARGETED_DEVICE_FAMILY = "1,2";
			};
			name = Debug;
		};
		3316AF9A23BADF8B00678565 /* Release */ = {
			isa = XCBuildConfiguration;
			baseConfigurationReference = 6CE6CD1D52E80D4C2CF065DD /* Pods-WLBannerViewDemo.release.xcconfig */;
			buildSettings = {
				ASSETCATALOG_COMPILER_APPICON_NAME = AppIcon;
				CODE_SIGN_STYLE = Automatic;
				DEVELOPMENT_TEAM = YKBW8AGZ9Y;
				INFOPLIST_FILE = WLBannerViewDemo/Info.plist;
				IPHONEOS_DEPLOYMENT_TARGET = 13.2;
				LD_RUNPATH_SEARCH_PATHS = (
					"$(inherited)",
					"@executable_path/Frameworks",
				);
				PRODUCT_BUNDLE_IDENTIFIER = com.beijing.allyoga.WLBannerViewDemo;
				PRODUCT_NAME = "$(TARGET_NAME)";
				TARGETED_DEVICE_FAMILY = "1,2";
			};
			name = Release;
		};
/* End XCBuildConfiguration section */

/* Begin XCConfigurationList section */
		3316AF7A23BADF8900678565 /* Build configuration list for PBXProject "WLBannerViewDemo" */ = {
			isa = XCConfigurationList;
			buildConfigurations = (
				3316AF9623BADF8B00678565 /* Debug */,
				3316AF9723BADF8B00678565 /* Release */,
			);
			defaultConfigurationIsVisible = 0;
			defaultConfigurationName = Release;
		};
		3316AF9823BADF8B00678565 /* Build configuration list for PBXNativeTarget "WLBannerViewDemo" */ = {
			isa = XCConfigurationList;
			buildConfigurations = (
				3316AF9923BADF8B00678565 /* Debug */,
				3316AF9A23BADF8B00678565 /* Release */,
			);
			defaultConfigurationIsVisible = 0;
			defaultConfigurationName = Release;
		};
/* End XCConfigurationList section */
	};
	rootObject = 3316AF7723BADF8900678565 /* Project object */;
}
